// !$*UTF8*$!
{
	archiveVersion = 1;
	classes = {
	};
	objectVersion = 56;
	objects = {

/* Begin PBXBuildFile section */
		C16720EC2BD5BE7C00750D5B /* PrepMateApp.swift in Sources */ = {isa = PBXBuildFile; fileRef = C16720EB2BD5BE7C00750D5B /* PrepMateApp.swift */; };
		C16720EE2BD5BE7C00750D5B /* ContentView.swift in Sources */ = {isa = PBXBuildFile; fileRef = C16720ED2BD5BE7C00750D5B /* ContentView.swift */; };
		C16720F02BD5BE7E00750D5B /* Assets.xcassets in Resources */ = {isa = PBXBuildFile; fileRef = C16720EF2BD5BE7E00750D5B /* Assets.xcassets */; };
		C16720F32BD5BE7E00750D5B /* Preview Assets.xcassets in Resources */ = {isa = PBXBuildFile; fileRef = C16720F22BD5BE7E00750D5B /* Preview Assets.xcassets */; };
		C16720FA2BD5BEEB00750D5B /* Event.swift in Sources */ = {isa = PBXBuildFile; fileRef = C16720F92BD5BEEB00750D5B /* Event.swift */; };
		C16720FC2BD5BEFD00750D5B /* Todo.swift in Sources */ = {isa = PBXBuildFile; fileRef = C16720FB2BD5BEFD00750D5B /* Todo.swift */; };
		C16720FE2BD5C17100750D5B /* Color+EXT.swift in Sources */ = {isa = PBXBuildFile; fileRef = C16720FD2BD5C17100750D5B /* Color+EXT.swift */; };
		C16721002BD5C1F200750D5B /* UIColor+EXT.swift in Sources */ = {isa = PBXBuildFile; fileRef = C16720FF2BD5C1F200750D5B /* UIColor+EXT.swift */; };
		C16721042BD5C3EE00750D5B /* CreateEventScreen.swift in Sources */ = {isa = PBXBuildFile; fileRef = C16721032BD5C3EE00750D5B /* CreateEventScreen.swift */; };
		C16721062BD5C85900750D5B /* CustomColorPickerView.swift in Sources */ = {isa = PBXBuildFile; fileRef = C16721052BD5C85900750D5B /* CustomColorPickerView.swift */; };
		C16721082BD5D60F00750D5B /* EventCellView.swift in Sources */ = {isa = PBXBuildFile; fileRef = C16721072BD5D60F00750D5B /* EventCellView.swift */; };
		C167210A2BD5E79B00750D5B /* EventDetailScreen.swift in Sources */ = {isa = PBXBuildFile; fileRef = C16721092BD5E79B00750D5B /* EventDetailScreen.swift */; };
		C167210C2BD5ECEA00750D5B /* TodoCellView.swift in Sources */ = {isa = PBXBuildFile; fileRef = C167210B2BD5ECEA00750D5B /* TodoCellView.swift */; };
/* End PBXBuildFile section */

/* Begin PBXFileReference section */
		C16720E82BD5BE7C00750D5B /* PrepMate.app */ = {isa = PBXFileReference; explicitFileType = wrapper.application; includeInIndex = 0; path = PrepMate.app; sourceTree = BUILT_PRODUCTS_DIR; };
		C16720EB2BD5BE7C00750D5B /* PrepMateApp.swift */ = {isa = PBXFileReference; lastKnownFileType = sourcecode.swift; path = PrepMateApp.swift; sourceTree = "<group>"; };
		C16720ED2BD5BE7C00750D5B /* ContentView.swift */ = {isa = PBXFileReference; lastKnownFileType = sourcecode.swift; path = ContentView.swift; sourceTree = "<group>"; };
		C16720EF2BD5BE7E00750D5B /* Assets.xcassets */ = {isa = PBXFileReference; lastKnownFileType = folder.assetcatalog; path = Assets.xcassets; sourceTree = "<group>"; };
		C16720F22BD5BE7E00750D5B /* Preview Assets.xcassets */ = {isa = PBXFileReference; lastKnownFileType = folder.assetcatalog; path = "Preview Assets.xcassets"; sourceTree = "<group>"; };
		C16720F92BD5BEEB00750D5B /* Event.swift */ = {isa = PBXFileReference; lastKnownFileType = sourcecode.swift; path = Event.swift; sourceTree = "<group>"; };
		C16720FB2BD5BEFD00750D5B /* Todo.swift */ = {isa = PBXFileReference; lastKnownFileType = sourcecode.swift; path = Todo.swift; sourceTree = "<group>"; };
		C16720FD2BD5C17100750D5B /* Color+EXT.swift */ = {isa = PBXFileReference; lastKnownFileType = sourcecode.swift; path = "Color+EXT.swift"; sourceTree = "<group>"; };
		C16720FF2BD5C1F200750D5B /* UIColor+EXT.swift */ = {isa = PBXFileReference; lastKnownFileType = sourcecode.swift; path = "UIColor+EXT.swift"; sourceTree = "<group>"; };
		C16721032BD5C3EE00750D5B /* CreateEventScreen.swift */ = {isa = PBXFileReference; lastKnownFileType = sourcecode.swift; path = CreateEventScreen.swift; sourceTree = "<group>"; };
		C16721052BD5C85900750D5B /* CustomColorPickerView.swift */ = {isa = PBXFileReference; lastKnownFileType = sourcecode.swift; path = CustomColorPickerView.swift; sourceTree = "<group>"; };
		C16721072BD5D60F00750D5B /* EventCellView.swift */ = {isa = PBXFileReference; lastKnownFileType = sourcecode.swift; path = EventCellView.swift; sourceTree = "<group>"; };
		C16721092BD5E79B00750D5B /* EventDetailScreen.swift */ = {isa = PBXFileReference; lastKnownFileType = sourcecode.swift; path = EventDetailScreen.swift; sourceTree = "<group>"; };
		C167210B2BD5ECEA00750D5B /* TodoCellView.swift */ = {isa = PBXFileReference; lastKnownFileType = sourcecode.swift; path = TodoCellView.swift; sourceTree = "<group>"; };
/* End PBXFileReference section */

/* Begin PBXFrameworksBuildPhase section */
		C16720E52BD5BE7C00750D5B /* Frameworks */ = {
			isa = PBXFrameworksBuildPhase;
			buildActionMask = 2147483647;
			files = (
			);
			runOnlyForDeploymentPostprocessing = 0;
		};
/* End PBXFrameworksBuildPhase section */

/* Begin PBXGroup section */
		C16720DF2BD5BE7C00750D5B = {
			isa = PBXGroup;
			children = (
				C16720EA2BD5BE7C00750D5B /* PrepMate */,
				C16720E92BD5BE7C00750D5B /* Products */,
			);
			sourceTree = "<group>";
		};
		C16720E92BD5BE7C00750D5B /* Products */ = {
			isa = PBXGroup;
			children = (
				C16720E82BD5BE7C00750D5B /* PrepMate.app */,
			);
			name = Products;
			sourceTree = "<group>";
		};
		C16720EA2BD5BE7C00750D5B /* PrepMate */ = {
			isa = PBXGroup;
			children = (
				C16720EB2BD5BE7C00750D5B /* PrepMateApp.swift */,
				C16720ED2BD5BE7C00750D5B /* ContentView.swift */,
				C16721072BD5D60F00750D5B /* EventCellView.swift */,
				C167210B2BD5ECEA00750D5B /* TodoCellView.swift */,
				C16721032BD5C3EE00750D5B /* CreateEventScreen.swift */,
				C16721092BD5E79B00750D5B /* EventDetailScreen.swift */,
				C16721022BD5C30800750D5B /* Extension */,
				C16721012BD5C2F900750D5B /* Model */,
				C16720EF2BD5BE7E00750D5B /* Assets.xcassets */,
				C16720F12BD5BE7E00750D5B /* Preview Content */,
				C16721052BD5C85900750D5B /* CustomColorPickerView.swift */,
			);
			path = PrepMate;
			sourceTree = "<group>";
		};
		C16720F12BD5BE7E00750D5B /* Preview Content */ = {
			isa = PBXGroup;
			children = (
				C16720F22BD5BE7E00750D5B /* Preview Assets.xcassets */,
			);
			path = "Preview Content";
			sourceTree = "<group>";
		};
		C16721012BD5C2F900750D5B /* Model */ = {
			isa = PBXGroup;
			children = (
				C16720F92BD5BEEB00750D5B /* Event.swift */,
				C16720FB2BD5BEFD00750D5B /* Todo.swift */,
			);
			path = Model;
			sourceTree = "<group>";
		};
		C16721022BD5C30800750D5B /* Extension */ = {
			isa = PBXGroup;
			children = (
				C16720FD2BD5C17100750D5B /* Color+EXT.swift */,
				C16720FF2BD5C1F200750D5B /* UIColor+EXT.swift */,
			);
			path = Extension;
			sourceTree = "<group>";
		};
/* End PBXGroup section */

/* Begin PBXNativeTarget section */
		C16720E72BD5BE7C00750D5B /* PrepMate */ = {
			isa = PBXNativeTarget;
			buildConfigurationList = C16720F62BD5BE7E00750D5B /* Build configuration list for PBXNativeTarget "PrepMate" */;
			buildPhases = (
				C16720E42BD5BE7C00750D5B /* Sources */,
				C16720E52BD5BE7C00750D5B /* Frameworks */,
				C16720E62BD5BE7C00750D5B /* Resources */,
			);
			buildRules = (
			);
			dependencies = (
			);
			name = PrepMate;
			productName = PrepMate;
			productReference = C16720E82BD5BE7C00750D5B /* PrepMate.app */;
			productType = "com.apple.product-type.application";
		};
/* End PBXNativeTarget section */

/* Begin PBXProject section */
		C16720E02BD5BE7C00750D5B /* Project object */ = {
			isa = PBXProject;
			attributes = {
				BuildIndependentTargetsInParallel = 1;
				LastSwiftUpdateCheck = 1530;
				LastUpgradeCheck = 1530;
				TargetAttributes = {
					C16720E72BD5BE7C00750D5B = {
						CreatedOnToolsVersion = 15.3;
					};
				};
			};
			buildConfigurationList = C16720E32BD5BE7C00750D5B /* Build configuration list for PBXProject "PrepMate" */;
			compatibilityVersion = "Xcode 14.0";
			developmentRegion = en;
			hasScannedForEncodings = 0;
			knownRegions = (
				en,
				Base,
			);
			mainGroup = C16720DF2BD5BE7C00750D5B;
			productRefGroup = C16720E92BD5BE7C00750D5B /* Products */;
			projectDirPath = "";
			projectRoot = "";
			targets = (
				C16720E72BD5BE7C00750D5B /* PrepMate */,
			);
		};
/* End PBXProject section */

/* Begin PBXResourcesBuildPhase section */
		C16720E62BD5BE7C00750D5B /* Resources */ = {
			isa = PBXResourcesBuildPhase;
			buildActionMask = 2147483647;
			files = (
				C16720F32BD5BE7E00750D5B /* Preview Assets.xcassets in Resources */,
				C16720F02BD5BE7E00750D5B /* Assets.xcassets in Resources */,
			);
			runOnlyForDeploymentPostprocessing = 0;
		};
/* End PBXResourcesBuildPhase section */

/* Begin PBXSourcesBuildPhase section */
		C16720E42BD5BE7C00750D5B /* Sources */ = {
			isa = PBXSourcesBuildPhase;
			buildActionMask = 2147483647;
			files = (
				C16721042BD5C3EE00750D5B /* CreateEventScreen.swift in Sources */,
				C16721082BD5D60F00750D5B /* EventCellView.swift in Sources */,
				C16721062BD5C85900750D5B /* CustomColorPickerView.swift in Sources */,
				C16720EE2BD5BE7C00750D5B /* ContentView.swift in Sources */,
				C16720FA2BD5BEEB00750D5B /* Event.swift in Sources */,
				C16720EC2BD5BE7C00750D5B /* PrepMateApp.swift in Sources */,
				C16721002BD5C1F200750D5B /* UIColor+EXT.swift in Sources */,
				C167210C2BD5ECEA00750D5B /* TodoCellView.swift in Sources */,
				C167210A2BD5E79B00750D5B /* EventDetailScreen.swift in Sources */,
				C16720FC2BD5BEFD00750D5B /* Todo.swift in Sources */,
				C16720FE2BD5C17100750D5B /* Color+EXT.swift in Sources */,
			);
			runOnlyForDeploymentPostprocessing = 0;
		};
/* End PBXSourcesBuildPhase section */

/* Begin XCBuildConfiguration section */
		C16720F42BD5BE7E00750D5B /* Debug */ = {
			isa = XCBuildConfiguration;
			buildSettings = {
				ALWAYS_SEARCH_USER_PATHS = NO;
				ASSETCATALOG_COMPILER_GENERATE_SWIFT_ASSET_SYMBOL_EXTENSIONS = YES;
				CLANG_ANALYZER_NONNULL = YES;
				CLANG_ANALYZER_NUMBER_OBJECT_CONVERSION = YES_AGGRESSIVE;
				CLANG_CXX_LANGUAGE_STANDARD = "gnu++20";
				CLANG_ENABLE_MODULES = YES;
				CLANG_ENABLE_OBJC_ARC = YES;
				CLANG_ENABLE_OBJC_WEAK = YES;
				CLANG_WARN_BLOCK_CAPTURE_AUTORELEASING = YES;
				CLANG_WARN_BOOL_CONVERSION = YES;
				CLANG_WARN_COMMA = YES;
				CLANG_WARN_CONSTANT_CONVERSION = YES;
				CLANG_WARN_DEPRECATED_OBJC_IMPLEMENTATIONS = YES;
				CLANG_WARN_DIRECT_OBJC_ISA_USAGE = YES_ERROR;
				CLANG_WARN_DOCUMENTATION_COMMENTS = YES;
				CLANG_WARN_EMPTY_BODY = YES;
				CLANG_WARN_ENUM_CONVERSION = YES;
				CLANG_WARN_INFINITE_RECURSION = YES;
				CLANG_WARN_INT_CONVERSION = YES;
				CLANG_WARN_NON_LITERAL_NULL_CONVERSION = YES;
				CLANG_WARN_OBJC_IMPLICIT_RETAIN_SELF = YES;
				CLANG_WARN_OBJC_LITERAL_CONVERSION = YES;
				CLANG_WARN_OBJC_ROOT_CLASS = YES_ERROR;
				CLANG_WARN_QUOTED_INCLUDE_IN_FRAMEWORK_HEADER = YES;
				CLANG_WARN_RANGE_LOOP_ANALYSIS = YES;
				CLANG_WARN_STRICT_PROTOTYPES = YES;
				CLANG_WARN_SUSPICIOUS_MOVE = YES;
				CLANG_WARN_UNGUARDED_AVAILABILITY = YES_AGGRESSIVE;
				CLANG_WARN_UNREACHABLE_CODE = YES;
				CLANG_WARN__DUPLICATE_METHOD_MATCH = YES;
				COPY_PHASE_STRIP = NO;
				DEBUG_INFORMATION_FORMAT = dwarf;
				ENABLE_STRICT_OBJC_MSGSEND = YES;
				ENABLE_TESTABILITY = YES;
				ENABLE_USER_SCRIPT_SANDBOXING = YES;
				GCC_C_LANGUAGE_STANDARD = gnu17;
				GCC_DYNAMIC_NO_PIC = NO;
				GCC_NO_COMMON_BLOCKS = YES;
				GCC_OPTIMIZATION_LEVEL = 0;
				GCC_PREPROCESSOR_DEFINITIONS = (
					"DEBUG=1",
					"$(inherited)",
				);
				GCC_WARN_64_TO_32_BIT_CONVERSION = YES;
				GCC_WARN_ABOUT_RETURN_TYPE = YES_ERROR;
				GCC_WARN_UNDECLARED_SELECTOR = YES;
				GCC_WARN_UNINITIALIZED_AUTOS = YES_AGGRESSIVE;
				GCC_WARN_UNUSED_FUNCTION = YES;
				GCC_WARN_UNUSED_VARIABLE = YES;
				IPHONEOS_DEPLOYMENT_TARGET = 17.4;
				LOCALIZATION_PREFERS_STRING_CATALOGS = YES;
				MTL_ENABLE_DEBUG_INFO = INCLUDE_SOURCE;
				MTL_FAST_MATH = YES;
				ONLY_ACTIVE_ARCH = YES;
				SDKROOT = iphoneos;
				SWIFT_ACTIVE_COMPILATION_CONDITIONS = "DEBUG $(inherited)";
				SWIFT_OPTIMIZATION_LEVEL = "-Onone";
			};
			name = Debug;
		};
		C16720F52BD5BE7E00750D5B /* Release */ = {
			isa = XCBuildConfiguration;
			buildSettings = {
				ALWAYS_SEARCH_USER_PATHS = NO;
				ASSETCATALOG_COMPILER_GENERATE_SWIFT_ASSET_SYMBOL_EXTENSIONS = YES;
				CLANG_ANALYZER_NONNULL = YES;
				CLANG_ANALYZER_NUMBER_OBJECT_CONVERSION = YES_AGGRESSIVE;
				CLANG_CXX_LANGUAGE_STANDARD = "gnu++20";
				CLANG_ENABLE_MODULES = YES;
				CLANG_ENABLE_OBJC_ARC = YES;
				CLANG_ENABLE_OBJC_WEAK = YES;
				CLANG_WARN_BLOCK_CAPTURE_AUTORELEASING = YES;
				CLANG_WARN_BOOL_CONVERSION = YES;
				CLANG_WARN_COMMA = YES;
				CLANG_WARN_CONSTANT_CONVERSION = YES;
				CLANG_WARN_DEPRECATED_OBJC_IMPLEMENTATIONS = YES;
				CLANG_WARN_DIRECT_OBJC_ISA_USAGE = YES_ERROR;
				CLANG_WARN_DOCUMENTATION_COMMENTS = YES;
				CLANG_WARN_EMPTY_BODY = YES;
				CLANG_WARN_ENUM_CONVERSION = YES;
				CLANG_WARN_INFINITE_RECURSION = YES;
				CLANG_WARN_INT_CONVERSION = YES;
				CLANG_WARN_NON_LITERAL_NULL_CONVERSION = YES;
				CLANG_WARN_OBJC_IMPLICIT_RETAIN_SELF = YES;
				CLANG_WARN_OBJC_LITERAL_CONVERSION = YES;
				CLANG_WARN_OBJC_ROOT_CLASS = YES_ERROR;
				CLANG_WARN_QUOTED_INCLUDE_IN_FRAMEWORK_HEADER = YES;
				CLANG_WARN_RANGE_LOOP_ANALYSIS = YES;
				CLANG_WARN_STRICT_PROTOTYPES = YES;
				CLANG_WARN_SUSPICIOUS_MOVE = YES;
				CLANG_WARN_UNGUARDED_AVAILABILITY = YES_AGGRESSIVE;
				CLANG_WARN_UNREACHABLE_CODE = YES;
				CLANG_WARN__DUPLICATE_METHOD_MATCH = YES;
				COPY_PHASE_STRIP = NO;
				DEBUG_INFORMATION_FORMAT = "dwarf-with-dsym";
				ENABLE_NS_ASSERTIONS = NO;
				ENABLE_STRICT_OBJC_MSGSEND = YES;
				ENABLE_USER_SCRIPT_SANDBOXING = YES;
				GCC_C_LANGUAGE_STANDARD = gnu17;
				GCC_NO_COMMON_BLOCKS = YES;
				GCC_WARN_64_TO_32_BIT_CONVERSION = YES;
				GCC_WARN_ABOUT_RETURN_TYPE = YES_ERROR;
				GCC_WARN_UNDECLARED_SELECTOR = YES;
				GCC_WARN_UNINITIALIZED_AUTOS = YES_AGGRESSIVE;
				GCC_WARN_UNUSED_FUNCTION = YES;
				GCC_WARN_UNUSED_VARIABLE = YES;
				IPHONEOS_DEPLOYMENT_TARGET = 17.4;
				LOCALIZATION_PREFERS_STRING_CATALOGS = YES;
				MTL_ENABLE_DEBUG_INFO = NO;
				MTL_FAST_MATH = YES;
				SDKROOT = iphoneos;
				SWIFT_COMPILATION_MODE = wholemodule;
				VALIDATE_PRODUCT = YES;
			};
			name = Release;
		};
		C16720F72BD5BE7E00750D5B /* Debug */ = {
			isa = XCBuildConfiguration;
			buildSettings = {
				ASSETCATALOG_COMPILER_APPICON_NAME = AppIcon;
				ASSETCATALOG_COMPILER_GLOBAL_ACCENT_COLOR_NAME = AccentColor;
				CODE_SIGN_STYLE = Automatic;
				CURRENT_PROJECT_VERSION = 1;
				DEVELOPMENT_ASSET_PATHS = "\"PrepMate/Preview Content\"";
				DEVELOPMENT_TEAM = 6KG9KP6856;
				ENABLE_PREVIEWS = YES;
				GENERATE_INFOPLIST_FILE = YES;
				INFOPLIST_KEY_UIApplicationSceneManifest_Generation = YES;
				INFOPLIST_KEY_UIApplicationSupportsIndirectInputEvents = YES;
				INFOPLIST_KEY_UILaunchScreen_Generation = YES;
				INFOPLIST_KEY_UISupportedInterfaceOrientations_iPad = "UIInterfaceOrientationPortrait UIInterfaceOrientationPortraitUpsideDown UIInterfaceOrientationLandscapeLeft UIInterfaceOrientationLandscapeRight";
				INFOPLIST_KEY_UISupportedInterfaceOrientations_iPhone = "UIInterfaceOrientationPortrait UIInterfaceOrientationLandscapeLeft UIInterfaceOrientationLandscapeRight";
				LD_RUNPATH_SEARCH_PATHS = (
					"$(inherited)",
					"@executable_path/Frameworks",
				);
				MARKETING_VERSION = 1.0;
				PRODUCT_BUNDLE_IDENTIFIER = made.andres.PrepMate;
				PRODUCT_NAME = "$(TARGET_NAME)";
				SWIFT_EMIT_LOC_STRINGS = YES;
				SWIFT_VERSION = 5.0;
				TARGETED_DEVICE_FAMILY = "1,2";
			};
			name = Debug;
		};
		C16720F82BD5BE7E00750D5B /* Release */ = {
			isa = XCBuildConfiguration;
			buildSettings = {
				ASSETCATALOG_COMPILER_APPICON_NAME = AppIcon;
				ASSETCATALOG_COMPILER_GLOBAL_ACCENT_COLOR_NAME = AccentColor;
				CODE_SIGN_STYLE = Automatic;
				CURRENT_PROJECT_VERSION = 1;
				DEVELOPMENT_ASSET_PATHS = "\"PrepMate/Preview Content\"";
				DEVELOPMENT_TEAM = 6KG9KP6856;
				ENABLE_PREVIEWS = YES;
				GENERATE_INFOPLIST_FILE = YES;
				INFOPLIST_KEY_UIApplicationSceneManifest_Generation = YES;
				INFOPLIST_KEY_UIApplicationSupportsIndirectInputEvents = YES;
				INFOPLIST_KEY_UILaunchScreen_Generation = YES;
				INFOPLIST_KEY_UISupportedInterfaceOrientations_iPad = "UIInterfaceOrientationPortrait UIInterfaceOrientationPortraitUpsideDown UIInterfaceOrientationLandscapeLeft UIInterfaceOrientationLandscapeRight";
				INFOPLIST_KEY_UISupportedInterfaceOrientations_iPhone = "UIInterfaceOrientationPortrait UIInterfaceOrientationLandscapeLeft UIInterfaceOrientationLandscapeRight";
				LD_RUNPATH_SEARCH_PATHS = (
					"$(inherited)",
					"@executable_path/Frameworks",
				);
				MARKETING_VERSION = 1.0;
				PRODUCT_BUNDLE_IDENTIFIER = made.andres.PrepMate;
				PRODUCT_NAME = "$(TARGET_NAME)";
				SWIFT_EMIT_LOC_STRINGS = YES;
				SWIFT_VERSION = 5.0;
				TARGETED_DEVICE_FAMILY = "1,2";
			};
			name = Release;
		};
/* End XCBuildConfiguration section */

/* Begin XCConfigurationList section */
		C16720E32BD5BE7C00750D5B /* Build configuration list for PBXProject "PrepMate" */ = {
			isa = XCConfigurationList;
			buildConfigurations = (
				C16720F42BD5BE7E00750D5B /* Debug */,
				C16720F52BD5BE7E00750D5B /* Release */,
			);
			defaultConfigurationIsVisible = 0;
			defaultConfigurationName = Release;
		};
		C16720F62BD5BE7E00750D5B /* Build configuration list for PBXNativeTarget "PrepMate" */ = {
			isa = XCConfigurationList;
			buildConfigurations = (
				C16720F72BD5BE7E00750D5B /* Debug */,
				C16720F82BD5BE7E00750D5B /* Release */,
			);
			defaultConfigurationIsVisible = 0;
			defaultConfigurationName = Release;
		};
/* End XCConfigurationList section */
	};
	rootObject = C16720E02BD5BE7C00750D5B /* Project object */;
}
